
Microsoft Visual Studio Solution File, Format Version 12.00
# Visual Studio Version 17
VisualStudioVersion = 17.10.34916.146
MinimumVisualStudioVersion = 10.0.40219.1
Project("{9A19103F-16F7-4668-BE54-9A1E7A4F7556}") = "BlazorWasm", "BlazorWasm\BlazorWasm.csproj", "{34C3D006-0D1A-4EEC-A271-F3542BFFF230}"
EndProject
Global
	GlobalSection(SolutionConfigurationPlatforms) = preSolution
		Debug|Any CPU = Debug|Any CPU
		Debug|x64 = Debug|x64
		Release|Any CPU = Release|Any CPU
		Release|x64 = Release|x64
	EndGlobalSection
	GlobalSection(ProjectConfigurationPlatforms) = postSolution
		{34C3D006-0D1A-4EEC-A271-F3542BFFF230}.Debug|Any CPU.ActiveCfg = Debug|Any CPU
		{34C3D006-0D1A-4EEC-A271-F3542BFFF230}.Debug|Any CPU.Build.0 = Debug|Any CPU
		{34C3D006-0D1A-4EEC-A271-F3542BFFF230}.Debug|x64.ActiveCfg = Debug|Any CPU
		{34C3D006-0D1A-4EEC-A271-F3542BFFF230}.Debug|x64.Build.0 = Debug|Any CPU
		{34C3D006-0D1A-4EEC-A271-F3542BFFF230}.Release|Any CPU.ActiveCfg = Release|Any CPU
		{34C3D006-0D1A-4EEC-A271-F3542BFFF230}.Release|Any CPU.Build.0 = Release|Any CPU
		{34C3D006-0D1A-4EEC-A271-F3542BFFF230}.Release|x64.ActiveCfg = Release|Any CPU
		{34C3D006-0D1A-4EEC-A271-F3542BFFF230}.Release|x64.Build.0 = Release|Any CPU
	EndGlobalSection
	GlobalSection(SolutionProperties) = preSolution
		HideSolutionNode = FALSE
	EndGlobalSection
	GlobalSection(ExtensibilityGlobals) = postSolution
		SolutionGuid = {FEA21ED4-099D-4F33-B564-FFBFD76ECA88}
	EndGlobalSection
EndGlobal
